
Microsoft Visual Studio Solution File, Format Version 12.00
# Visual Studio Version 17
VisualStudioVersion = 17.0.31903.59
MinimumVisualStudioVersion = 10.0.40219.1
Project("{9A19103F-16F7-4668-BE54-9A1E7A4F7556}") = "RRDNet", "RRDNet\RRDNet.csproj", "{0CBF4809-CEA3-4788-98CB-E11F02D4E36E}"
EndProject
Project("{9A19103F-16F7-4668-BE54-9A1E7A4F7556}") = "RRDNet.Tests", "RRDNet.Tests\RRDNet.Tests.csproj", "{6058B3BB-EA5D-4617-B109-F36FCF87983E}"
EndProject
Project("{2150E333-8FDC-42A3-9474-1A3956D46DE8}") = "Solution Items", "Solution Items", "{52C5C813-6C40-4867-9E15-F21EF3186744}"
	ProjectSection(SolutionItems) = preProject
		..\.editorconfig = ..\.editorconfig
		..\.gitignore = ..\.gitignore
		..\.github\workflows\build.yml = ..\.github\workflows\build.yml
		..\common.props = ..\common.props
		..\common.targets = ..\common.targets
		..\LICENSE.txt = ..\LICENSE.txt
		..\package.props = ..\package.props
		..\README.md = ..\README.md
		..\run-pack.ps1 = ..\run-pack.ps1
		..\run-push.ps1 = ..\run-push.ps1
		..\run-test.ps1 = ..\run-test.ps1
	EndProjectSection
EndProject
Global
	GlobalSection(SolutionConfigurationPlatforms) = preSolution
		Debug|Any CPU = Debug|Any CPU
		Release|Any CPU = Release|Any CPU
	EndGlobalSection
	GlobalSection(ProjectConfigurationPlatforms) = postSolution
		{0CBF4809-CEA3-4788-98CB-E11F02D4E36E}.Debug|Any CPU.ActiveCfg = Debug|Any CPU
		{0CBF4809-CEA3-4788-98CB-E11F02D4E36E}.Debug|Any CPU.Build.0 = Debug|Any CPU
		{0CBF4809-CEA3-4788-98CB-E11F02D4E36E}.Release|Any CPU.ActiveCfg = Release|Any CPU
		{0CBF4809-CEA3-4788-98CB-E11F02D4E36E}.Release|Any CPU.Build.0 = Release|Any CPU
		{6058B3BB-EA5D-4617-B109-F36FCF87983E}.Debug|Any CPU.ActiveCfg = Debug|Any CPU
		{6058B3BB-EA5D-4617-B109-F36FCF87983E}.Debug|Any CPU.Build.0 = Debug|Any CPU
		{6058B3BB-EA5D-4617-B109-F36FCF87983E}.Release|Any CPU.ActiveCfg = Release|Any CPU
		{6058B3BB-EA5D-4617-B109-F36FCF87983E}.Release|Any CPU.Build.0 = Release|Any CPU
	EndGlobalSection
	GlobalSection(SolutionProperties) = preSolution
		HideSolutionNode = FALSE
	EndGlobalSection
	GlobalSection(ExtensibilityGlobals) = postSolution
		SolutionGuid = {9C633093-097B-4B6C-AB6E-7B5DFCF5EC44}
	EndGlobalSection
EndGlobal
